
Microsoft Visual Studio Solution File, Format Version 12.00
# Visual Studio Version 16
VisualStudioVersion = 16.0.32228.343
MinimumVisualStudioVersion = 10.0.40219.1
Project("{2150E333-8FDC-42A3-9474-1A3956D46DE8}") = "Services", "Services", "{592DED9E-AA50-4983-ADAA-99C1D0901B9E}"
EndProject
Project("{2150E333-8FDC-42A3-9474-1A3956D46DE8}") = "Catalog", "Catalog", "{2A42767F-6B39-4990-871B-CB0C94CD6541}"
EndProject
Project("{9A19103F-16F7-4668-BE54-9A1E7A4F7556}") = "Catalog.API", "Services\Catalog\Catalog.API\Catalog.API.csproj", "{27BC632B-B629-4B2A-B4AA-C09AD8058764}"
EndProject
Project("{E53339B2-1760-4266-BCC7-CA923CBCF16C}") = "docker-compose", "docker-compose.dcproj", "{FA563F3A-4717-430B-A42A-285DAF72520A}"
EndProject
Project("{2150E333-8FDC-42A3-9474-1A3956D46DE8}") = "Basket", "Basket", "{6BFA1752-D4D0-49F6-B9A7-2D8ACFB2F16F}"
EndProject
Project("{FAE04EC0-301F-11D3-BF4B-00C04F79EFBC}") = "Basket.API", "Services\Basket\Basket.API\Basket.API.csproj", "{316F6605-7813-4D19-B805-102EA91F582E}"
EndProject
Project("{2150E333-8FDC-42A3-9474-1A3956D46DE8}") = "Discount", "Discount", "{519D7B54-D757-45E7-8DDE-D89D33C10ABA}"
EndProject
Project("{FAE04EC0-301F-11D3-BF4B-00C04F79EFBC}") = "Discount.API", "Services\Discount\Discount.API\Discount.API.csproj", "{C4B57171-845D-4C15-ACB5-B22ACE57E5B9}"
EndProject
Project("{FAE04EC0-301F-11D3-BF4B-00C04F79EFBC}") = "Discount.Grpc", "Services\Discount\Discount.Grpc\Discount.Grpc.csproj", "{375131AA-1D97-49C1-8D21-DCFE3BF5BB2D}"
EndProject
Global
	GlobalSection(SolutionConfigurationPlatforms) = preSolution
		Debug|Any CPU = Debug|Any CPU
		Release|Any CPU = Release|Any CPU
	EndGlobalSection
	GlobalSection(ProjectConfigurationPlatforms) = postSolution
		{27BC632B-B629-4B2A-B4AA-C09AD8058764}.Debug|Any CPU.ActiveCfg = Debug|Any CPU
		{27BC632B-B629-4B2A-B4AA-C09AD8058764}.Debug|Any CPU.Build.0 = Debug|Any CPU
		{27BC632B-B629-4B2A-B4AA-C09AD8058764}.Release|Any CPU.ActiveCfg = Release|Any CPU
		{27BC632B-B629-4B2A-B4AA-C09AD8058764}.Release|Any CPU.Build.0 = Release|Any CPU
		{FA563F3A-4717-430B-A42A-285DAF72520A}.Debug|Any CPU.ActiveCfg = Debug|Any CPU
		{FA563F3A-4717-430B-A42A-285DAF72520A}.Debug|Any CPU.Build.0 = Debug|Any CPU
		{FA563F3A-4717-430B-A42A-285DAF72520A}.Release|Any CPU.ActiveCfg = Release|Any CPU
		{FA563F3A-4717-430B-A42A-285DAF72520A}.Release|Any CPU.Build.0 = Release|Any CPU
		{316F6605-7813-4D19-B805-102EA91F582E}.Debug|Any CPU.ActiveCfg = Debug|Any CPU
		{316F6605-7813-4D19-B805-102EA91F582E}.Debug|Any CPU.Build.0 = Debug|Any CPU
		{316F6605-7813-4D19-B805-102EA91F582E}.Release|Any CPU.ActiveCfg = Release|Any CPU
		{316F6605-7813-4D19-B805-102EA91F582E}.Release|Any CPU.Build.0 = Release|Any CPU
		{C4B57171-845D-4C15-ACB5-B22ACE57E5B9}.Debug|Any CPU.ActiveCfg = Debug|Any CPU
		{C4B57171-845D-4C15-ACB5-B22ACE57E5B9}.Debug|Any CPU.Build.0 = Debug|Any CPU
		{C4B57171-845D-4C15-ACB5-B22ACE57E5B9}.Release|Any CPU.ActiveCfg = Release|Any CPU
		{C4B57171-845D-4C15-ACB5-B22ACE57E5B9}.Release|Any CPU.Build.0 = Release|Any CPU
		{375131AA-1D97-49C1-8D21-DCFE3BF5BB2D}.Debug|Any CPU.ActiveCfg = Debug|Any CPU
		{375131AA-1D97-49C1-8D21-DCFE3BF5BB2D}.Debug|Any CPU.Build.0 = Debug|Any CPU
		{375131AA-1D97-49C1-8D21-DCFE3BF5BB2D}.Release|Any CPU.ActiveCfg = Release|Any CPU
		{375131AA-1D97-49C1-8D21-DCFE3BF5BB2D}.Release|Any CPU.Build.0 = Release|Any CPU
	EndGlobalSection
	GlobalSection(SolutionProperties) = preSolution
		HideSolutionNode = FALSE
	EndGlobalSection
	GlobalSection(NestedProjects) = preSolution
		{2A42767F-6B39-4990-871B-CB0C94CD6541} = {592DED9E-AA50-4983-ADAA-99C1D0901B9E}
		{27BC632B-B629-4B2A-B4AA-C09AD8058764} = {2A42767F-6B39-4990-871B-CB0C94CD6541}
		{6BFA1752-D4D0-49F6-B9A7-2D8ACFB2F16F} = {592DED9E-AA50-4983-ADAA-99C1D0901B9E}
		{316F6605-7813-4D19-B805-102EA91F582E} = {6BFA1752-D4D0-49F6-B9A7-2D8ACFB2F16F}
		{519D7B54-D757-45E7-8DDE-D89D33C10ABA} = {592DED9E-AA50-4983-ADAA-99C1D0901B9E}
		{C4B57171-845D-4C15-ACB5-B22ACE57E5B9} = {519D7B54-D757-45E7-8DDE-D89D33C10ABA}
		{375131AA-1D97-49C1-8D21-DCFE3BF5BB2D} = {519D7B54-D757-45E7-8DDE-D89D33C10ABA}
	EndGlobalSection
	GlobalSection(ExtensibilityGlobals) = postSolution
		SolutionGuid = {FD1F1B69-9B9C-4A1F-8862-624B88D176C2}
	EndGlobalSection
EndGlobal
